
Microsoft Visual Studio Solution File, Format Version 12.00
# Visual Studio Version 16
VisualStudioVersion = 16.0.31702.278
MinimumVisualStudioVersion = 10.0.40219.1
Project("{FAE04EC0-301F-11D3-BF4B-00C04F79EFBC}") = "Custo0", "Custo0.csproj", "{D51833BF-AE27-43BC-9331-B434EA8D6425}"
EndProject
Global
	GlobalSection(SolutionConfigurationPlatforms) = preSolution
		Debug|Any CPU = Debug|Any CPU
		Release|Any CPU = Release|Any CPU
	EndGlobalSection
	GlobalSection(ProjectConfigurationPlatforms) = postSolution
		{D51833BF-AE27-43BC-9331-B434EA8D6425}.Debug|Any CPU.ActiveCfg = Debug|Any CPU
		{D51833BF-AE27-43BC-9331-B434EA8D6425}.Debug|Any CPU.Build.0 = Debug|Any CPU
		{D51833BF-AE27-43BC-9331-B434EA8D6425}.Release|Any CPU.ActiveCfg = Release|Any CPU
		{D51833BF-AE27-43BC-9331-B434EA8D6425}.Release|Any CPU.Build.0 = Release|Any CPU
	EndGlobalSection
	GlobalSection(SolutionProperties) = preSolution
		HideSolutionNode = FALSE
	EndGlobalSection
	GlobalSection(ExtensibilityGlobals) = postSolution
		SolutionGuid = {B22F2172-8FD4-4EA1-A1BF-314635960CE3}
	EndGlobalSection
EndGlobal
